// !$*UTF8*$!
{
	archiveVersion = 1;
	classes = {
	};
	objectVersion = 46;
	objects = {

/* Begin PBXBuildFile section */
		1A42DD08866007F42885A710 /* Pods_RxSwift_01.framework in Frameworks */ = {isa = PBXBuildFile; fileRef = 62EC07EE9EAA9F603E225DB7 /* Pods_RxSwift_01.framework */; };
		8626B4081F1A49D2006FCA19 /* AppDelegate.swift in Sources */ = {isa = PBXBuildFile; fileRef = 8626B4071F1A49D2006FCA19 /* AppDelegate.swift */; };
		8626B40A1F1A49D2006FCA19 /* ViewController.swift in Sources */ = {isa = PBXBuildFile; fileRef = 8626B4091F1A49D2006FCA19 /* ViewController.swift */; };
		8626B40D1F1A49D2006FCA19 /* Main.storyboard in Resources */ = {isa = PBXBuildFile; fileRef = 8626B40B1F1A49D2006FCA19 /* Main.storyboard */; };
		8626B40F1F1A49D2006FCA19 /* Assets.xcassets in Resources */ = {isa = PBXBuildFile; fileRef = 8626B40E1F1A49D2006FCA19 /* Assets.xcassets */; };
		8626B4121F1A49D2006FCA19 /* LaunchScreen.storyboard in Resources */ = {isa = PBXBuildFile; fileRef = 8626B4101F1A49D2006FCA19 /* LaunchScreen.storyboard */; };
		8626B41A1F1A49E6006FCA19 /* Podfile in Resources */ = {isa = PBXBuildFile; fileRef = 8626B4191F1A49E6006FCA19 /* Podfile */; };
/* End PBXBuildFile section */

/* Begin PBXFileReference section */
		62EC07EE9EAA9F603E225DB7 /* Pods_RxSwift_01.framework */ = {isa = PBXFileReference; explicitFileType = wrapper.framework; includeInIndex = 0; path = Pods_RxSwift_01.framework; sourceTree = BUILT_PRODUCTS_DIR; };
		81147F364FFF0DEB4AE99436 /* Pods-RxSwift_01.release.xcconfig */ = {isa = PBXFileReference; includeInIndex = 1; lastKnownFileType = text.xcconfig; name = "Pods-RxSwift_01.release.xcconfig"; path = "Pods/Target Support Files/Pods-RxSwift_01/Pods-RxSwift_01.release.xcconfig"; sourceTree = "<group>"; };
		8626B4041F1A49D2006FCA19 /* RxSwift_01.app */ = {isa = PBXFileReference; explicitFileType = wrapper.application; includeInIndex = 0; path = RxSwift_01.app; sourceTree = BUILT_PRODUCTS_DIR; };
		8626B4071F1A49D2006FCA19 /* AppDelegate.swift */ = {isa = PBXFileReference; lastKnownFileType = sourcecode.swift; path = AppDelegate.swift; sourceTree = "<group>"; };
		8626B4091F1A49D2006FCA19 /* ViewController.swift */ = {isa = PBXFileReference; lastKnownFileType = sourcecode.swift; path = ViewController.swift; sourceTree = "<group>"; };
		8626B40C1F1A49D2006FCA19 /* Base */ = {isa = PBXFileReference; lastKnownFileType = file.storyboard; name = Base; path = Base.lproj/Main.storyboard; sourceTree = "<group>"; };
		8626B40E1F1A49D2006FCA19 /* Assets.xcassets */ = {isa = PBXFileReference; lastKnownFileType = folder.assetcatalog; path = Assets.xcassets; sourceTree = "<group>"; };
		8626B4111F1A49D2006FCA19 /* Base */ = {isa = PBXFileReference; lastKnownFileType = file.storyboard; name = Base; path = Base.lproj/LaunchScreen.storyboard; sourceTree = "<group>"; };
		8626B4131F1A49D2006FCA19 /* Info.plist */ = {isa = PBXFileReference; lastKnownFileType = text.plist.xml; path = Info.plist; sourceTree = "<group>"; };
		8626B4191F1A49E6006FCA19 /* Podfile */ = {isa = PBXFileReference; fileEncoding = 4; lastKnownFileType = text; name = Podfile; path = ../Podfile; sourceTree = "<group>"; };
		8626B41B1F1A4AFA006FCA19 /* Rx_01.playground */ = {isa = PBXFileReference; lastKnownFileType = file.playground; path = Rx_01.playground; sourceTree = "<group>"; };
		88DD95297C6482E59350CE16 /* Pods-RxSwift_01.debug.xcconfig */ = {isa = PBXFileReference; includeInIndex = 1; lastKnownFileType = text.xcconfig; name = "Pods-RxSwift_01.debug.xcconfig"; path = "Pods/Target Support Files/Pods-RxSwift_01/Pods-RxSwift_01.debug.xcconfig"; sourceTree = "<group>"; };
/* End PBXFileReference section */

/* Begin PBXFrameworksBuildPhase section */
		8626B4011F1A49D2006FCA19 /* Frameworks */ = {
			isa = PBXFrameworksBuildPhase;
			buildActionMask = 2147483647;
			files = (
				1A42DD08866007F42885A710 /* Pods_RxSwift_01.framework in Frameworks */,
			);
			runOnlyForDeploymentPostprocessing = 0;
		};
/* End PBXFrameworksBuildPhase section */

/* Begin PBXGroup section */
		5D8DF2A98A0FB11F6D082E3A /* Pods */ = {
			isa = PBXGroup;
			children = (
				88DD95297C6482E59350CE16 /* Pods-RxSwift_01.debug.xcconfig */,
				81147F364FFF0DEB4AE99436 /* Pods-RxSwift_01.release.xcconfig */,
			);
			name = Pods;
			sourceTree = "<group>";
		};
		8626B3FB1F1A49D2006FCA19 = {
			isa = PBXGroup;
			children = (
				8626B41B1F1A4AFA006FCA19 /* Rx_01.playground */,
				8626B4061F1A49D2006FCA19 /* RxSwift_01 */,
				8626B4051F1A49D2006FCA19 /* Products */,
				5D8DF2A98A0FB11F6D082E3A /* Pods */,
				AAA4072142D48F13EF96FB3C /* Frameworks */,
			);
			sourceTree = "<group>";
		};
		8626B4051F1A49D2006FCA19 /* Products */ = {
			isa = PBXGroup;
			children = (
				8626B4041F1A49D2006FCA19 /* RxSwift_01.app */,
			);
			name = Products;
			sourceTree = "<group>";
		};
		8626B4061F1A49D2006FCA19 /* RxSwift_01 */ = {
			isa = PBXGroup;
			children = (
				8626B4071F1A49D2006FCA19 /* AppDelegate.swift */,
				8626B4091F1A49D2006FCA19 /* ViewController.swift */,
				8626B40B1F1A49D2006FCA19 /* Main.storyboard */,
				8626B40E1F1A49D2006FCA19 /* Assets.xcassets */,
				8626B4101F1A49D2006FCA19 /* LaunchScreen.storyboard */,
				8626B4131F1A49D2006FCA19 /* Info.plist */,
				8626B4191F1A49E6006FCA19 /* Podfile */,
			);
			path = RxSwift_01;
			sourceTree = "<group>";
		};
		AAA4072142D48F13EF96FB3C /* Frameworks */ = {
			isa = PBXGroup;
			children = (
				62EC07EE9EAA9F603E225DB7 /* Pods_RxSwift_01.framework */,
			);
			name = Frameworks;
			sourceTree = "<group>";
		};
/* End PBXGroup section */

/* Begin PBXNativeTarget section */
		8626B4031F1A49D2006FCA19 /* RxSwift_01 */ = {
			isa = PBXNativeTarget;
			buildConfigurationList = 8626B4161F1A49D2006FCA19 /* Build configuration list for PBXNativeTarget "RxSwift_01" */;
			buildPhases = (
				E41AC41BA6D7C0CD8627B766 /* [CP] Check Pods Manifest.lock */,
				8626B4001F1A49D2006FCA19 /* Sources */,
				8626B4011F1A49D2006FCA19 /* Frameworks */,
				8626B4021F1A49D2006FCA19 /* Resources */,
				3CE1029D269204E3542928CF /* [CP] Embed Pods Frameworks */,
				F8032AC8BCC4910B9EF3BAA5 /* [CP] Copy Pods Resources */,
			);
			buildRules = (
			);
			dependencies = (
			);
			name = RxSwift_01;
			productName = RxSwift_01;
			productReference = 8626B4041F1A49D2006FCA19 /* RxSwift_01.app */;
			productType = "com.apple.product-type.application";
		};
/* End PBXNativeTarget section */

/* Begin PBXProject section */
		8626B3FC1F1A49D2006FCA19 /* Project object */ = {
			isa = PBXProject;
			attributes = {
				LastSwiftUpdateCheck = 0830;
				LastUpgradeCheck = 0830;
				ORGANIZATIONNAME = "Elegant Media";
				TargetAttributes = {
					8626B4031F1A49D2006FCA19 = {
						CreatedOnToolsVersion = 8.3.1;
						ProvisioningStyle = Automatic;
					};
				};
			};
			buildConfigurationList = 8626B3FF1F1A49D2006FCA19 /* Build configuration list for PBXProject "RxSwift_01" */;
			compatibilityVersion = "Xcode 3.2";
			developmentRegion = English;
			hasScannedForEncodings = 0;
			knownRegions = (
				en,
				Base,
			);
			mainGroup = 8626B3FB1F1A49D2006FCA19;
			productRefGroup = 8626B4051F1A49D2006FCA19 /* Products */;
			projectDirPath = "";
			projectRoot = "";
			targets = (
				8626B4031F1A49D2006FCA19 /* RxSwift_01 */,
			);
		};
/* End PBXProject section */

/* Begin PBXResourcesBuildPhase section */
		8626B4021F1A49D2006FCA19 /* Resources */ = {
			isa = PBXResourcesBuildPhase;
			buildActionMask = 2147483647;
			files = (
				8626B4121F1A49D2006FCA19 /* LaunchScreen.storyboard in Resources */,
				8626B40F1F1A49D2006FCA19 /* Assets.xcassets in Resources */,
				8626B41A1F1A49E6006FCA19 /* Podfile in Resources */,
				8626B40D1F1A49D2006FCA19 /* Main.storyboard in Resources */,
			);
			runOnlyForDeploymentPostprocessing = 0;
		};
/* End PBXResourcesBuildPhase section */

/* Begin PBXShellScriptBuildPhase section */
		3CE1029D269204E3542928CF /* [CP] Embed Pods Frameworks */ = {
			isa = PBXShellScriptBuildPhase;
			buildActionMask = 2147483647;
			files = (
			);
			inputPaths = (
			);
			name = "[CP] Embed Pods Frameworks";
			outputPaths = (
			);
			runOnlyForDeploymentPostprocessing = 0;
			shellPath = /bin/sh;
			shellScript = "\"${SRCROOT}/Pods/Target Support Files/Pods-RxSwift_01/Pods-RxSwift_01-frameworks.sh\"\n";
			showEnvVarsInLog = 0;
		};
		E41AC41BA6D7C0CD8627B766 /* [CP] Check Pods Manifest.lock */ = {
			isa = PBXShellScriptBuildPhase;
			buildActionMask = 2147483647;
			files = (
			);
			inputPaths = (
			);
			name = "[CP] Check Pods Manifest.lock";
			outputPaths = (
			);
			runOnlyForDeploymentPostprocessing = 0;
			shellPath = /bin/sh;
			shellScript = "diff \"${PODS_PODFILE_DIR_PATH}/Podfile.lock\" \"${PODS_ROOT}/Manifest.lock\" > /dev/null\nif [ $? != 0 ] ; then\n    # print error to STDERR\n    echo \"error: The sandbox is not in sync with the Podfile.lock. Run 'pod install' or update your CocoaPods installation.\" >&2\n    exit 1\nfi\n";
			showEnvVarsInLog = 0;
		};
		F8032AC8BCC4910B9EF3BAA5 /* [CP] Copy Pods Resources */ = {
			isa = PBXShellScriptBuildPhase;
			buildActionMask = 2147483647;
			files = (
			);
			inputPaths = (
			);
			name = "[CP] Copy Pods Resources";
			outputPaths = (
			);
			runOnlyForDeploymentPostprocessing = 0;
			shellPath = /bin/sh;
			shellScript = "\"${SRCROOT}/Pods/Target Support Files/Pods-RxSwift_01/Pods-RxSwift_01-resources.sh\"\n";
			showEnvVarsInLog = 0;
		};
/* End PBXShellScriptBuildPhase section */

/* Begin PBXSourcesBuildPhase section */
		8626B4001F1A49D2006FCA19 /* Sources */ = {
			isa = PBXSourcesBuildPhase;
			buildActionMask = 2147483647;
			files = (
				8626B40A1F1A49D2006FCA19 /* ViewController.swift in Sources */,
				8626B4081F1A49D2006FCA19 /* AppDelegate.swift in Sources */,
			);
			runOnlyForDeploymentPostprocessing = 0;
		};
/* End PBXSourcesBuildPhase section */

/* Begin PBXVariantGroup section */
		8626B40B1F1A49D2006FCA19 /* Main.storyboard */ = {
			isa = PBXVariantGroup;
			children = (
				8626B40C1F1A49D2006FCA19 /* Base */,
			);
			name = Main.storyboard;
			sourceTree = "<group>";
		};
		8626B4101F1A49D2006FCA19 /* LaunchScreen.storyboard */ = {
			isa = PBXVariantGroup;
			children = (
				8626B4111F1A49D2006FCA19 /* Base */,
			);
			name = LaunchScreen.storyboard;
			sourceTree = "<group>";
		};
/* End PBXVariantGroup section */

/* Begin XCBuildConfiguration section */
		8626B4141F1A49D2006FCA19 /* Debug */ = {
			isa = XCBuildConfiguration;
			buildSettings = {
				ALWAYS_SEARCH_USER_PATHS = NO;
				CLANG_ANALYZER_NONNULL = YES;
				CLANG_ANALYZER_NUMBER_OBJECT_CONVERSION = YES_AGGRESSIVE;
				CLANG_CXX_LANGUAGE_STANDARD = "gnu++0x";
				CLANG_CXX_LIBRARY = "libc++";
				CLANG_ENABLE_MODULES = YES;
				CLANG_ENABLE_OBJC_ARC = YES;
				CLANG_WARN_BOOL_CONVERSION = YES;
				CLANG_WARN_CONSTANT_CONVERSION = YES;
				CLANG_WARN_DIRECT_OBJC_ISA_USAGE = YES_ERROR;
				CLANG_WARN_DOCUMENTATION_COMMENTS = YES;
				CLANG_WARN_EMPTY_BODY = YES;
				CLANG_WARN_ENUM_CONVERSION = YES;
				CLANG_WARN_INFINITE_RECURSION = YES;
				CLANG_WARN_INT_CONVERSION = YES;
				CLANG_WARN_OBJC_ROOT_CLASS = YES_ERROR;
				CLANG_WARN_SUSPICIOUS_MOVE = YES;
				CLANG_WARN_UNREACHABLE_CODE = YES;
				CLANG_WARN__DUPLICATE_METHOD_MATCH = YES;
				"CODE_SIGN_IDENTITY[sdk=iphoneos*]" = "iPhone Developer";
				COPY_PHASE_STRIP = NO;
				DEBUG_INFORMATION_FORMAT = dwarf;
				ENABLE_STRICT_OBJC_MSGSEND = YES;
				ENABLE_TESTABILITY = YES;
				GCC_C_LANGUAGE_STANDARD = gnu99;
				GCC_DYNAMIC_NO_PIC = NO;
				GCC_NO_COMMON_BLOCKS = YES;
				GCC_OPTIMIZATION_LEVEL = 0;
				GCC_PREPROCESSOR_DEFINITIONS = (
					"DEBUG=1",
					"$(inherited)",
				);
				GCC_WARN_64_TO_32_BIT_CONVERSION = YES;
				GCC_WARN_ABOUT_RETURN_TYPE = YES_ERROR;
				GCC_WARN_UNDECLARED_SELECTOR = YES;
				GCC_WARN_UNINITIALIZED_AUTOS = YES_AGGRESSIVE;
				GCC_WARN_UNUSED_FUNCTION = YES;
				GCC_WARN_UNUSED_VARIABLE = YES;
				IPHONEOS_DEPLOYMENT_TARGET = 10.3;
				MTL_ENABLE_DEBUG_INFO = YES;
				ONLY_ACTIVE_ARCH = YES;
				SDKROOT = iphoneos;
				SWIFT_ACTIVE_COMPILATION_CONDITIONS = DEBUG;
				SWIFT_OPTIMIZATION_LEVEL = "-Onone";
				TARGETED_DEVICE_FAMILY = "1,2";
			};
			name = Debug;
		};
		8626B4151F1A49D2006FCA19 /* Release */ = {
			isa = XCBuildConfiguration;
			buildSettings = {
				ALWAYS_SEARCH_USER_PATHS = NO;
				CLANG_ANALYZER_NONNULL = YES;
				CLANG_ANALYZER_NUMBER_OBJECT_CONVERSION = YES_AGGRESSIVE;
				CLANG_CXX_LANGUAGE_STANDARD = "gnu++0x";
				CLANG_CXX_LIBRARY = "libc++";
				CLANG_ENABLE_MODULES = YES;
				CLANG_ENABLE_OBJC_ARC = YES;
				CLANG_WARN_BOOL_CONVERSION = YES;
				CLANG_WARN_CONSTANT_CONVERSION = YES;
				CLANG_WARN_DIRECT_OBJC_ISA_USAGE = YES_ERROR;
				CLANG_WARN_DOCUMENTATION_COMMENTS = YES;
				CLANG_WARN_EMPTY_BODY = YES;
				CLANG_WARN_ENUM_CONVERSION = YES;
				CLANG_WARN_INFINITE_RECURSION = YES;
				CLANG_WARN_INT_CONVERSION = YES;
				CLANG_WARN_OBJC_ROOT_CLASS = YES_ERROR;
				CLANG_WARN_SUSPICIOUS_MOVE = YES;
				CLANG_WARN_UNREACHABLE_CODE = YES;
				CLANG_WARN__DUPLICATE_METHOD_MATCH = YES;
				"CODE_SIGN_IDENTITY[sdk=iphoneos*]" = "iPhone Developer";
				COPY_PHASE_STRIP = NO;
				DEBUG_INFORMATION_FORMAT = "dwarf-with-dsym";
				ENABLE_NS_ASSERTIONS = NO;
				ENABLE_STRICT_OBJC_MSGSEND = YES;
				GCC_C_LANGUAGE_STANDARD = gnu99;
				GCC_NO_COMMON_BLOCKS = YES;
				GCC_WARN_64_TO_32_BIT_CONVERSION = YES;
				GCC_WARN_ABOUT_RETURN_TYPE = YES_ERROR;
				GCC_WARN_UNDECLARED_SELECTOR = YES;
				GCC_WARN_UNINITIALIZED_AUTOS = YES_AGGRESSIVE;
				GCC_WARN_UNUSED_FUNCTION = YES;
				GCC_WARN_UNUSED_VARIABLE = YES;
				IPHONEOS_DEPLOYMENT_TARGET = 10.3;
				MTL_ENABLE_DEBUG_INFO = NO;
				SDKROOT = iphoneos;
				SWIFT_OPTIMIZATION_LEVEL = "-Owholemodule";
				TARGETED_DEVICE_FAMILY = "1,2";
				VALIDATE_PRODUCT = YES;
			};
			name = Release;
		};
		8626B4171F1A49D2006FCA19 /* Debug */ = {
			isa = XCBuildConfiguration;
			baseConfigurationReference = 88DD95297C6482E59350CE16 /* Pods-RxSwift_01.debug.xcconfig */;
			buildSettings = {
				ASSETCATALOG_COMPILER_APPICON_NAME = AppIcon;
				INFOPLIST_FILE = RxSwift_01/Info.plist;
				LD_RUNPATH_SEARCH_PATHS = "$(inherited) @executable_path/Frameworks";
				PRODUCT_BUNDLE_IDENTIFIER = "com.em.RxSwift-01";
				PRODUCT_NAME = "$(TARGET_NAME)";
				SWIFT_VERSION = 3.0;
			};
			name = Debug;
		};
		8626B4181F1A49D2006FCA19 /* Release */ = {
			isa = XCBuildConfiguration;
			baseConfigurationReference = 81147F364FFF0DEB4AE99436 /* Pods-RxSwift_01.release.xcconfig */;
			buildSettings = {
				ASSETCATALOG_COMPILER_APPICON_NAME = AppIcon;
				INFOPLIST_FILE = RxSwift_01/Info.plist;
				LD_RUNPATH_SEARCH_PATHS = "$(inherited) @executable_path/Frameworks";
				PRODUCT_BUNDLE_IDENTIFIER = "com.em.RxSwift-01";
				PRODUCT_NAME = "$(TARGET_NAME)";
				SWIFT_VERSION = 3.0;
			};
			name = Release;
		};
/* End XCBuildConfiguration section */

/* Begin XCConfigurationList section */
		8626B3FF1F1A49D2006FCA19 /* Build configuration list for PBXProject "RxSwift_01" */ = {
			isa = XCConfigurationList;
			buildConfigurations = (
				8626B4141F1A49D2006FCA19 /* Debug */,
				8626B4151F1A49D2006FCA19 /* Release */,
			);
			defaultConfigurationIsVisible = 0;
			defaultConfigurationName = Release;
		};
		8626B4161F1A49D2006FCA19 /* Build configuration list for PBXNativeTarget "RxSwift_01" */ = {
			isa = XCConfigurationList;
			buildConfigurations = (
				8626B4171F1A49D2006FCA19 /* Debug */,
				8626B4181F1A49D2006FCA19 /* Release */,
			);
			defaultConfigurationIsVisible = 0;
			defaultConfigurationName = Release;
		};
/* End XCConfigurationList section */
	};
	rootObject = 8626B3FC1F1A49D2006FCA19 /* Project object */;
}
